
Microsoft Visual Studio Solution File, Format Version 12.00
# Visual Studio Version 16
VisualStudioVersion = 16.0.31112.23
MinimumVisualStudioVersion = 10.0.40219.1
Project("{8BC9CEB8-8B4A-11D0-8D11-00A0C91BC942}") = "블랙잭", "블랙잭\블랙잭.vcxproj", "{601D3A9F-539C-4C56-A1EC-D25E96E420B3}"
EndProject
Global
	GlobalSection(SolutionConfigurationPlatforms) = preSolution
		Debug|x64 = Debug|x64
		Debug|x86 = Debug|x86
		Release|x64 = Release|x64
		Release|x86 = Release|x86
	EndGlobalSection
	GlobalSection(ProjectConfigurationPlatforms) = postSolution
		{601D3A9F-539C-4C56-A1EC-D25E96E420B3}.Debug|x64.ActiveCfg = Debug|x64
		{601D3A9F-539C-4C56-A1EC-D25E96E420B3}.Debug|x64.Build.0 = Debug|x64
		{601D3A9F-539C-4C56-A1EC-D25E96E420B3}.Debug|x86.ActiveCfg = Debug|Win32
		{601D3A9F-539C-4C56-A1EC-D25E96E420B3}.Debug|x86.Build.0 = Debug|Win32
		{601D3A9F-539C-4C56-A1EC-D25E96E420B3}.Release|x64.ActiveCfg = Release|x64
		{601D3A9F-539C-4C56-A1EC-D25E96E420B3}.Release|x64.Build.0 = Release|x64
		{601D3A9F-539C-4C56-A1EC-D25E96E420B3}.Release|x86.ActiveCfg = Release|Win32
		{601D3A9F-539C-4C56-A1EC-D25E96E420B3}.Release|x86.Build.0 = Release|Win32
	EndGlobalSection
	GlobalSection(SolutionProperties) = preSolution
		HideSolutionNode = FALSE
	EndGlobalSection
	GlobalSection(ExtensibilityGlobals) = postSolution
		SolutionGuid = {077E3950-155C-46E8-A9D5-A5EAD522C3AB}
	EndGlobalSection
EndGlobal
