
Microsoft Visual Studio Solution File, Format Version 12.00
# Visual Studio Version 16
VisualStudioVersion = 16.0.31112.23
MinimumVisualStudioVersion = 10.0.40219.1
Project("{8BC9CEB8-8B4A-11D0-8D11-00A0C91BC942}") = "설탕배달", "설탕배달\설탕배달.vcxproj", "{19617389-48B3-448B-A81F-D85EF7855444}"
EndProject
Global
	GlobalSection(SolutionConfigurationPlatforms) = preSolution
		Debug|x64 = Debug|x64
		Debug|x86 = Debug|x86
		Release|x64 = Release|x64
		Release|x86 = Release|x86
	EndGlobalSection
	GlobalSection(ProjectConfigurationPlatforms) = postSolution
		{19617389-48B3-448B-A81F-D85EF7855444}.Debug|x64.ActiveCfg = Debug|x64
		{19617389-48B3-448B-A81F-D85EF7855444}.Debug|x64.Build.0 = Debug|x64
		{19617389-48B3-448B-A81F-D85EF7855444}.Debug|x86.ActiveCfg = Debug|Win32
		{19617389-48B3-448B-A81F-D85EF7855444}.Debug|x86.Build.0 = Debug|Win32
		{19617389-48B3-448B-A81F-D85EF7855444}.Release|x64.ActiveCfg = Release|x64
		{19617389-48B3-448B-A81F-D85EF7855444}.Release|x64.Build.0 = Release|x64
		{19617389-48B3-448B-A81F-D85EF7855444}.Release|x86.ActiveCfg = Release|Win32
		{19617389-48B3-448B-A81F-D85EF7855444}.Release|x86.Build.0 = Release|Win32
	EndGlobalSection
	GlobalSection(SolutionProperties) = preSolution
		HideSolutionNode = FALSE
	EndGlobalSection
	GlobalSection(ExtensibilityGlobals) = postSolution
		SolutionGuid = {8A44EABF-1D51-4E5F-94C7-C78AC76804DE}
	EndGlobalSection
EndGlobal
