
Microsoft Visual Studio Solution File, Format Version 12.00
# Visual Studio Version 16
VisualStudioVersion = 16.0.31112.23
MinimumVisualStudioVersion = 10.0.40219.1
Project("{8BC9CEB8-8B4A-11D0-8D11-00A0C91BC942}") = "잃어버린괄호", "잃어버린괄호\잃어버린괄호.vcxproj", "{14586D42-785A-4D5C-A80E-DC65657E082E}"
EndProject
Global
	GlobalSection(SolutionConfigurationPlatforms) = preSolution
		Debug|x64 = Debug|x64
		Debug|x86 = Debug|x86
		Release|x64 = Release|x64
		Release|x86 = Release|x86
	EndGlobalSection
	GlobalSection(ProjectConfigurationPlatforms) = postSolution
		{14586D42-785A-4D5C-A80E-DC65657E082E}.Debug|x64.ActiveCfg = Debug|x64
		{14586D42-785A-4D5C-A80E-DC65657E082E}.Debug|x64.Build.0 = Debug|x64
		{14586D42-785A-4D5C-A80E-DC65657E082E}.Debug|x86.ActiveCfg = Debug|Win32
		{14586D42-785A-4D5C-A80E-DC65657E082E}.Debug|x86.Build.0 = Debug|Win32
		{14586D42-785A-4D5C-A80E-DC65657E082E}.Release|x64.ActiveCfg = Release|x64
		{14586D42-785A-4D5C-A80E-DC65657E082E}.Release|x64.Build.0 = Release|x64
		{14586D42-785A-4D5C-A80E-DC65657E082E}.Release|x86.ActiveCfg = Release|Win32
		{14586D42-785A-4D5C-A80E-DC65657E082E}.Release|x86.Build.0 = Release|Win32
	EndGlobalSection
	GlobalSection(SolutionProperties) = preSolution
		HideSolutionNode = FALSE
	EndGlobalSection
	GlobalSection(ExtensibilityGlobals) = postSolution
		SolutionGuid = {C8B7422F-7A9A-4452-954D-110067F51027}
	EndGlobalSection
EndGlobal
