
Microsoft Visual Studio Solution File, Format Version 12.00
# Visual Studio Version 16
VisualStudioVersion = 16.0.31112.23
MinimumVisualStudioVersion = 10.0.40219.1
Project("{8BC9CEB8-8B4A-11D0-8D11-00A0C91BC942}") = "단어 정렬", "단어 정렬\단어 정렬.vcxproj", "{65473A1C-43AA-4F84-9A91-10A33004ADDB}"
EndProject
Global
	GlobalSection(SolutionConfigurationPlatforms) = preSolution
		Debug|x64 = Debug|x64
		Debug|x86 = Debug|x86
		Release|x64 = Release|x64
		Release|x86 = Release|x86
	EndGlobalSection
	GlobalSection(ProjectConfigurationPlatforms) = postSolution
		{65473A1C-43AA-4F84-9A91-10A33004ADDB}.Debug|x64.ActiveCfg = Debug|x64
		{65473A1C-43AA-4F84-9A91-10A33004ADDB}.Debug|x64.Build.0 = Debug|x64
		{65473A1C-43AA-4F84-9A91-10A33004ADDB}.Debug|x86.ActiveCfg = Debug|Win32
		{65473A1C-43AA-4F84-9A91-10A33004ADDB}.Debug|x86.Build.0 = Debug|Win32
		{65473A1C-43AA-4F84-9A91-10A33004ADDB}.Release|x64.ActiveCfg = Release|x64
		{65473A1C-43AA-4F84-9A91-10A33004ADDB}.Release|x64.Build.0 = Release|x64
		{65473A1C-43AA-4F84-9A91-10A33004ADDB}.Release|x86.ActiveCfg = Release|Win32
		{65473A1C-43AA-4F84-9A91-10A33004ADDB}.Release|x86.Build.0 = Release|Win32
	EndGlobalSection
	GlobalSection(SolutionProperties) = preSolution
		HideSolutionNode = FALSE
	EndGlobalSection
	GlobalSection(ExtensibilityGlobals) = postSolution
		SolutionGuid = {5CBC2893-0911-4F6B-A6B6-2DF82F9CCC34}
	EndGlobalSection
EndGlobal
