
Microsoft Visual Studio Solution File, Format Version 12.00
# Visual Studio Version 16
VisualStudioVersion = 16.0.31112.23
MinimumVisualStudioVersion = 10.0.40219.1
Project("{8BC9CEB8-8B4A-11D0-8D11-00A0C91BC942}") = "스택", "스택\스택.vcxproj", "{143C356D-F969-4300-99AE-1E521BE49557}"
EndProject
Global
	GlobalSection(SolutionConfigurationPlatforms) = preSolution
		Debug|x64 = Debug|x64
		Debug|x86 = Debug|x86
		Release|x64 = Release|x64
		Release|x86 = Release|x86
	EndGlobalSection
	GlobalSection(ProjectConfigurationPlatforms) = postSolution
		{143C356D-F969-4300-99AE-1E521BE49557}.Debug|x64.ActiveCfg = Debug|x64
		{143C356D-F969-4300-99AE-1E521BE49557}.Debug|x64.Build.0 = Debug|x64
		{143C356D-F969-4300-99AE-1E521BE49557}.Debug|x86.ActiveCfg = Debug|Win32
		{143C356D-F969-4300-99AE-1E521BE49557}.Debug|x86.Build.0 = Debug|Win32
		{143C356D-F969-4300-99AE-1E521BE49557}.Release|x64.ActiveCfg = Release|x64
		{143C356D-F969-4300-99AE-1E521BE49557}.Release|x64.Build.0 = Release|x64
		{143C356D-F969-4300-99AE-1E521BE49557}.Release|x86.ActiveCfg = Release|Win32
		{143C356D-F969-4300-99AE-1E521BE49557}.Release|x86.Build.0 = Release|Win32
	EndGlobalSection
	GlobalSection(SolutionProperties) = preSolution
		HideSolutionNode = FALSE
	EndGlobalSection
	GlobalSection(ExtensibilityGlobals) = postSolution
		SolutionGuid = {B6202255-E850-4FB9-9CB1-3F5F963F906A}
	EndGlobalSection
EndGlobal
