
Microsoft Visual Studio Solution File, Format Version 12.00
# Visual Studio Version 16
VisualStudioVersion = 16.0.31112.23
MinimumVisualStudioVersion = 10.0.40219.1
Project("{8BC9CEB8-8B4A-11D0-8D11-00A0C91BC942}") = "쉬운 계단 수", "쉬운 계단 수\쉬운 계단 수.vcxproj", "{54416F9E-F372-4261-8F9F-9E6E46E9951C}"
EndProject
Global
	GlobalSection(SolutionConfigurationPlatforms) = preSolution
		Debug|x64 = Debug|x64
		Debug|x86 = Debug|x86
		Release|x64 = Release|x64
		Release|x86 = Release|x86
	EndGlobalSection
	GlobalSection(ProjectConfigurationPlatforms) = postSolution
		{54416F9E-F372-4261-8F9F-9E6E46E9951C}.Debug|x64.ActiveCfg = Debug|x64
		{54416F9E-F372-4261-8F9F-9E6E46E9951C}.Debug|x64.Build.0 = Debug|x64
		{54416F9E-F372-4261-8F9F-9E6E46E9951C}.Debug|x86.ActiveCfg = Debug|Win32
		{54416F9E-F372-4261-8F9F-9E6E46E9951C}.Debug|x86.Build.0 = Debug|Win32
		{54416F9E-F372-4261-8F9F-9E6E46E9951C}.Release|x64.ActiveCfg = Release|x64
		{54416F9E-F372-4261-8F9F-9E6E46E9951C}.Release|x64.Build.0 = Release|x64
		{54416F9E-F372-4261-8F9F-9E6E46E9951C}.Release|x86.ActiveCfg = Release|Win32
		{54416F9E-F372-4261-8F9F-9E6E46E9951C}.Release|x86.Build.0 = Release|Win32
	EndGlobalSection
	GlobalSection(SolutionProperties) = preSolution
		HideSolutionNode = FALSE
	EndGlobalSection
	GlobalSection(ExtensibilityGlobals) = postSolution
		SolutionGuid = {CAA8483D-9EAE-44E1-8137-C8DF9D246999}
	EndGlobalSection
EndGlobal
